// !$*UTF8*$!
{
	archiveVersion = 1;
	classes = {
	};
	objectVersion = 56;
	objects = {

/* Begin PBXBuildFile section */
		A48B52C3297EAB4800B91CB2 /* TouchdownShopApp.swift in Sources */ = {isa = PBXBuildFile; fileRef = A48B52C2297EAB4800B91CB2 /* TouchdownShopApp.swift */; };
		A48B52C5297EAB4800B91CB2 /* ContentView.swift in Sources */ = {isa = PBXBuildFile; fileRef = A48B52C4297EAB4800B91CB2 /* ContentView.swift */; };
		A48B52C7297EAB4800B91CB2 /* Assets.xcassets in Resources */ = {isa = PBXBuildFile; fileRef = A48B52C6297EAB4800B91CB2 /* Assets.xcassets */; };
		A48B52CA297EAB4800B91CB2 /* Preview Assets.xcassets in Resources */ = {isa = PBXBuildFile; fileRef = A48B52C9297EAB4800B91CB2 /* Preview Assets.xcassets */; };
		A48B52D5297EABE400B91CB2 /* product.json in Resources */ = {isa = PBXBuildFile; fileRef = A48B52D1297EABE400B91CB2 /* product.json */; };
		A48B52D6297EABE400B91CB2 /* player.json in Resources */ = {isa = PBXBuildFile; fileRef = A48B52D2297EABE400B91CB2 /* player.json */; };
		A48B52D7297EABE400B91CB2 /* brand.json in Resources */ = {isa = PBXBuildFile; fileRef = A48B52D3297EABE400B91CB2 /* brand.json */; };
		A48B52D8297EABE400B91CB2 /* category.json in Resources */ = {isa = PBXBuildFile; fileRef = A48B52D4297EABE400B91CB2 /* category.json */; };
		A48B52E2297EAE6D00B91CB2 /* Constant.swift in Sources */ = {isa = PBXBuildFile; fileRef = A48B52E1297EAE6D00B91CB2 /* Constant.swift */; };
		A48B52E4297EAF0B00B91CB2 /* FooterView.swift in Sources */ = {isa = PBXBuildFile; fileRef = A48B52E3297EAF0B00B91CB2 /* FooterView.swift */; };
		A48B52E6297EB81100B91CB2 /* NavigationBarView.swift in Sources */ = {isa = PBXBuildFile; fileRef = A48B52E5297EB81100B91CB2 /* NavigationBarView.swift */; };
		A48B52E8297EB97600B91CB2 /* LogoView.swift in Sources */ = {isa = PBXBuildFile; fileRef = A48B52E7297EB97600B91CB2 /* LogoView.swift */; };
		A48B52EA297F03CE00B91CB2 /* PlayerModel.swift in Sources */ = {isa = PBXBuildFile; fileRef = A48B52E9297F03CE00B91CB2 /* PlayerModel.swift */; };
		A48B52EC297F041800B91CB2 /* CodableBundleExtension.swift in Sources */ = {isa = PBXBuildFile; fileRef = A48B52EB297F041800B91CB2 /* CodableBundleExtension.swift */; };
		A48B52EE297F07DB00B91CB2 /* FeaturedItemView.swift in Sources */ = {isa = PBXBuildFile; fileRef = A48B52ED297F07DB00B91CB2 /* FeaturedItemView.swift */; };
		A48B52F0297F091200B91CB2 /* FeaturedTabView.swift in Sources */ = {isa = PBXBuildFile; fileRef = A48B52EF297F091200B91CB2 /* FeaturedTabView.swift */; };
		A48B52F2297F0B5300B91CB2 /* CategoryModel.swift in Sources */ = {isa = PBXBuildFile; fileRef = A48B52F1297F0B5300B91CB2 /* CategoryModel.swift */; };
		A48B52F4297F0CE100B91CB2 /* CategoryItemView.swift in Sources */ = {isa = PBXBuildFile; fileRef = A48B52F3297F0CE100B91CB2 /* CategoryItemView.swift */; };
		A48B52F6297F0E7D00B91CB2 /* CategoryGridView.swift in Sources */ = {isa = PBXBuildFile; fileRef = A48B52F5297F0E7D00B91CB2 /* CategoryGridView.swift */; };
		A48B52F8297F0FF100B91CB2 /* SectionView.swift in Sources */ = {isa = PBXBuildFile; fileRef = A48B52F7297F0FF100B91CB2 /* SectionView.swift */; };
		A48B52FA297F135500B91CB2 /* TitleView.swift in Sources */ = {isa = PBXBuildFile; fileRef = A48B52F9297F135500B91CB2 /* TitleView.swift */; };
		A48B52FC297F141A00B91CB2 /* ProductModel.swift in Sources */ = {isa = PBXBuildFile; fileRef = A48B52FB297F141A00B91CB2 /* ProductModel.swift */; };
		A48B52FE297F149D00B91CB2 /* ProductItemview.swift in Sources */ = {isa = PBXBuildFile; fileRef = A48B52FD297F149D00B91CB2 /* ProductItemview.swift */; };
		A48B5302297F1B7600B91CB2 /* BrandModel.swift in Sources */ = {isa = PBXBuildFile; fileRef = A48B5301297F1B7600B91CB2 /* BrandModel.swift */; };
		A48B5304297F1BC200B91CB2 /* BrandItemView.swift in Sources */ = {isa = PBXBuildFile; fileRef = A48B5303297F1BC200B91CB2 /* BrandItemView.swift */; };
		A48B5306297F1C6700B91CB2 /* BrandGridView.swift in Sources */ = {isa = PBXBuildFile; fileRef = A48B5305297F1C6700B91CB2 /* BrandGridView.swift */; };
/* End PBXBuildFile section */

/* Begin PBXFileReference section */
		A48B52BF297EAB4800B91CB2 /* TouchdownShop.app */ = {isa = PBXFileReference; explicitFileType = wrapper.application; includeInIndex = 0; path = TouchdownShop.app; sourceTree = BUILT_PRODUCTS_DIR; };
		A48B52C2297EAB4800B91CB2 /* TouchdownShopApp.swift */ = {isa = PBXFileReference; lastKnownFileType = sourcecode.swift; path = TouchdownShopApp.swift; sourceTree = "<group>"; };
		A48B52C4297EAB4800B91CB2 /* ContentView.swift */ = {isa = PBXFileReference; lastKnownFileType = sourcecode.swift; path = ContentView.swift; sourceTree = "<group>"; };
		A48B52C6297EAB4800B91CB2 /* Assets.xcassets */ = {isa = PBXFileReference; lastKnownFileType = folder.assetcatalog; path = Assets.xcassets; sourceTree = "<group>"; };
		A48B52C9297EAB4800B91CB2 /* Preview Assets.xcassets */ = {isa = PBXFileReference; lastKnownFileType = folder.assetcatalog; path = "Preview Assets.xcassets"; sourceTree = "<group>"; };
		A48B52D1297EABE400B91CB2 /* product.json */ = {isa = PBXFileReference; fileEncoding = 4; lastKnownFileType = text.json; path = product.json; sourceTree = "<group>"; };
		A48B52D2297EABE400B91CB2 /* player.json */ = {isa = PBXFileReference; fileEncoding = 4; lastKnownFileType = text.json; path = player.json; sourceTree = "<group>"; };
		A48B52D3297EABE400B91CB2 /* brand.json */ = {isa = PBXFileReference; fileEncoding = 4; lastKnownFileType = text.json; path = brand.json; sourceTree = "<group>"; };
		A48B52D4297EABE400B91CB2 /* category.json */ = {isa = PBXFileReference; fileEncoding = 4; lastKnownFileType = text.json; path = category.json; sourceTree = "<group>"; };
		A48B52D9297EAC3200B91CB2 /* Info.plist */ = {isa = PBXFileReference; lastKnownFileType = text.plist; path = Info.plist; sourceTree = "<group>"; };
		A48B52E1297EAE6D00B91CB2 /* Constant.swift */ = {isa = PBXFileReference; lastKnownFileType = sourcecode.swift; path = Constant.swift; sourceTree = "<group>"; };
		A48B52E3297EAF0B00B91CB2 /* FooterView.swift */ = {isa = PBXFileReference; lastKnownFileType = sourcecode.swift; path = FooterView.swift; sourceTree = "<group>"; };
		A48B52E5297EB81100B91CB2 /* NavigationBarView.swift */ = {isa = PBXFileReference; lastKnownFileType = sourcecode.swift; path = NavigationBarView.swift; sourceTree = "<group>"; };
		A48B52E7297EB97600B91CB2 /* LogoView.swift */ = {isa = PBXFileReference; lastKnownFileType = sourcecode.swift; path = LogoView.swift; sourceTree = "<group>"; };
		A48B52E9297F03CE00B91CB2 /* PlayerModel.swift */ = {isa = PBXFileReference; lastKnownFileType = sourcecode.swift; path = PlayerModel.swift; sourceTree = "<group>"; };
		A48B52EB297F041800B91CB2 /* CodableBundleExtension.swift */ = {isa = PBXFileReference; lastKnownFileType = sourcecode.swift; path = CodableBundleExtension.swift; sourceTree = "<group>"; };
		A48B52ED297F07DB00B91CB2 /* FeaturedItemView.swift */ = {isa = PBXFileReference; lastKnownFileType = sourcecode.swift; path = FeaturedItemView.swift; sourceTree = "<group>"; };
		A48B52EF297F091200B91CB2 /* FeaturedTabView.swift */ = {isa = PBXFileReference; lastKnownFileType = sourcecode.swift; path = FeaturedTabView.swift; sourceTree = "<group>"; };
		A48B52F1297F0B5300B91CB2 /* CategoryModel.swift */ = {isa = PBXFileReference; lastKnownFileType = sourcecode.swift; path = CategoryModel.swift; sourceTree = "<group>"; };
		A48B52F3297F0CE100B91CB2 /* CategoryItemView.swift */ = {isa = PBXFileReference; lastKnownFileType = sourcecode.swift; path = CategoryItemView.swift; sourceTree = "<group>"; };
		A48B52F5297F0E7D00B91CB2 /* CategoryGridView.swift */ = {isa = PBXFileReference; lastKnownFileType = sourcecode.swift; path = CategoryGridView.swift; sourceTree = "<group>"; };
		A48B52F7297F0FF100B91CB2 /* SectionView.swift */ = {isa = PBXFileReference; lastKnownFileType = sourcecode.swift; path = SectionView.swift; sourceTree = "<group>"; };
		A48B52F9297F135500B91CB2 /* TitleView.swift */ = {isa = PBXFileReference; lastKnownFileType = sourcecode.swift; path = TitleView.swift; sourceTree = "<group>"; };
		A48B52FB297F141A00B91CB2 /* ProductModel.swift */ = {isa = PBXFileReference; lastKnownFileType = sourcecode.swift; path = ProductModel.swift; sourceTree = "<group>"; };
		A48B52FD297F149D00B91CB2 /* ProductItemview.swift */ = {isa = PBXFileReference; lastKnownFileType = sourcecode.swift; path = ProductItemview.swift; sourceTree = "<group>"; };
		A48B5301297F1B7600B91CB2 /* BrandModel.swift */ = {isa = PBXFileReference; lastKnownFileType = sourcecode.swift; path = BrandModel.swift; sourceTree = "<group>"; };
		A48B5303297F1BC200B91CB2 /* BrandItemView.swift */ = {isa = PBXFileReference; lastKnownFileType = sourcecode.swift; path = BrandItemView.swift; sourceTree = "<group>"; };
		A48B5305297F1C6700B91CB2 /* BrandGridView.swift */ = {isa = PBXFileReference; lastKnownFileType = sourcecode.swift; path = BrandGridView.swift; sourceTree = "<group>"; };
/* End PBXFileReference section */

/* Begin PBXFrameworksBuildPhase section */
		A48B52BC297EAB4800B91CB2 /* Frameworks */ = {
			isa = PBXFrameworksBuildPhase;
			buildActionMask = 2147483647;
			files = (
			);
			runOnlyForDeploymentPostprocessing = 0;
		};
/* End PBXFrameworksBuildPhase section */

/* Begin PBXGroup section */
		A48B52B6297EAB4800B91CB2 = {
			isa = PBXGroup;
			children = (
				A48B52C1297EAB4800B91CB2 /* TouchdownShop */,
				A48B52C0297EAB4800B91CB2 /* Products */,
			);
			sourceTree = "<group>";
		};
		A48B52C0297EAB4800B91CB2 /* Products */ = {
			isa = PBXGroup;
			children = (
				A48B52BF297EAB4800B91CB2 /* TouchdownShop.app */,
			);
			name = Products;
			sourceTree = "<group>";
		};
		A48B52C1297EAB4800B91CB2 /* TouchdownShop */ = {
			isa = PBXGroup;
			children = (
				A48B52DA297EADC900B91CB2 /* App */,
				A48B52DB297EADEF00B91CB2 /* View */,
				A48B52DE297EAE2100B91CB2 /* Model */,
				A48B52D0297EABD700B91CB2 /* Data */,
				A48B52DF297EAE2500B91CB2 /* Extension */,
				A48B52E0297EAE2B00B91CB2 /* Utility */,
				A48B52D9297EAC3200B91CB2 /* Info.plist */,
				A48B52C6297EAB4800B91CB2 /* Assets.xcassets */,
				A48B52C8297EAB4800B91CB2 /* Preview Content */,
			);
			path = TouchdownShop;
			sourceTree = "<group>";
		};
		A48B52C8297EAB4800B91CB2 /* Preview Content */ = {
			isa = PBXGroup;
			children = (
				A48B52C9297EAB4800B91CB2 /* Preview Assets.xcassets */,
			);
			path = "Preview Content";
			sourceTree = "<group>";
		};
		A48B52D0297EABD700B91CB2 /* Data */ = {
			isa = PBXGroup;
			children = (
				A48B52D3297EABE400B91CB2 /* brand.json */,
				A48B52D4297EABE400B91CB2 /* category.json */,
				A48B52D2297EABE400B91CB2 /* player.json */,
				A48B52D1297EABE400B91CB2 /* product.json */,
			);
			path = Data;
			sourceTree = "<group>";
		};
		A48B52DA297EADC900B91CB2 /* App */ = {
			isa = PBXGroup;
			children = (
				A48B52C2297EAB4800B91CB2 /* TouchdownShopApp.swift */,
				A48B52C4297EAB4800B91CB2 /* ContentView.swift */,
			);
			path = App;
			sourceTree = "<group>";
		};
		A48B52DB297EADEF00B91CB2 /* View */ = {
			isa = PBXGroup;
			children = (
				A48B52DD297EAE0400B91CB2 /* Home */,
				A48B52DC297EADFB00B91CB2 /* Detail */,
			);
			path = View;
			sourceTree = "<group>";
		};
		A48B52DC297EADFB00B91CB2 /* Detail */ = {
			isa = PBXGroup;
			children = (
			);
			path = Detail;
			sourceTree = "<group>";
		};
		A48B52DD297EAE0400B91CB2 /* Home */ = {
			isa = PBXGroup;
			children = (
				A48B52E3297EAF0B00B91CB2 /* FooterView.swift */,
				A48B52E5297EB81100B91CB2 /* NavigationBarView.swift */,
				A48B52E7297EB97600B91CB2 /* LogoView.swift */,
				A48B52ED297F07DB00B91CB2 /* FeaturedItemView.swift */,
				A48B52EF297F091200B91CB2 /* FeaturedTabView.swift */,
				A48B52F3297F0CE100B91CB2 /* CategoryItemView.swift */,
				A48B52F5297F0E7D00B91CB2 /* CategoryGridView.swift */,
				A48B52F7297F0FF100B91CB2 /* SectionView.swift */,
				A48B52F9297F135500B91CB2 /* TitleView.swift */,
				A48B52FD297F149D00B91CB2 /* ProductItemview.swift */,
				A48B5303297F1BC200B91CB2 /* BrandItemView.swift */,
				A48B5305297F1C6700B91CB2 /* BrandGridView.swift */,
			);
			path = Home;
			sourceTree = "<group>";
		};
		A48B52DE297EAE2100B91CB2 /* Model */ = {
			isa = PBXGroup;
			children = (
				A48B52E9297F03CE00B91CB2 /* PlayerModel.swift */,
				A48B52F1297F0B5300B91CB2 /* CategoryModel.swift */,
				A48B52FB297F141A00B91CB2 /* ProductModel.swift */,
				A48B5301297F1B7600B91CB2 /* BrandModel.swift */,
			);
			path = Model;
			sourceTree = "<group>";
		};
		A48B52DF297EAE2500B91CB2 /* Extension */ = {
			isa = PBXGroup;
			children = (
				A48B52EB297F041800B91CB2 /* CodableBundleExtension.swift */,
			);
			path = Extension;
			sourceTree = "<group>";
		};
		A48B52E0297EAE2B00B91CB2 /* Utility */ = {
			isa = PBXGroup;
			children = (
				A48B52E1297EAE6D00B91CB2 /* Constant.swift */,
			);
			path = Utility;
			sourceTree = "<group>";
		};
/* End PBXGroup section */

/* Begin PBXNativeTarget section */
		A48B52BE297EAB4800B91CB2 /* TouchdownShop */ = {
			isa = PBXNativeTarget;
			buildConfigurationList = A48B52CD297EAB4800B91CB2 /* Build configuration list for PBXNativeTarget "TouchdownShop" */;
			buildPhases = (
				A48B52BB297EAB4800B91CB2 /* Sources */,
				A48B52BC297EAB4800B91CB2 /* Frameworks */,
				A48B52BD297EAB4800B91CB2 /* Resources */,
			);
			buildRules = (
			);
			dependencies = (
			);
			name = TouchdownShop;
			productName = TouchdownShop;
			productReference = A48B52BF297EAB4800B91CB2 /* TouchdownShop.app */;
			productType = "com.apple.product-type.application";
		};
/* End PBXNativeTarget section */

/* Begin PBXProject section */
		A48B52B7297EAB4800B91CB2 /* Project object */ = {
			isa = PBXProject;
			attributes = {
				BuildIndependentTargetsInParallel = 1;
				LastSwiftUpdateCheck = 1420;
				LastUpgradeCheck = 1420;
				TargetAttributes = {
					A48B52BE297EAB4800B91CB2 = {
						CreatedOnToolsVersion = 14.2;
					};
				};
			};
			buildConfigurationList = A48B52BA297EAB4800B91CB2 /* Build configuration list for PBXProject "TouchdownShop" */;
			compatibilityVersion = "Xcode 14.0";
			developmentRegion = en;
			hasScannedForEncodings = 0;
			knownRegions = (
				en,
				Base,
			);
			mainGroup = A48B52B6297EAB4800B91CB2;
			productRefGroup = A48B52C0297EAB4800B91CB2 /* Products */;
			projectDirPath = "";
			projectRoot = "";
			targets = (
				A48B52BE297EAB4800B91CB2 /* TouchdownShop */,
			);
		};
/* End PBXProject section */

/* Begin PBXResourcesBuildPhase section */
		A48B52BD297EAB4800B91CB2 /* Resources */ = {
			isa = PBXResourcesBuildPhase;
			buildActionMask = 2147483647;
			files = (
				A48B52D6297EABE400B91CB2 /* player.json in Resources */,
				A48B52D7297EABE400B91CB2 /* brand.json in Resources */,
				A48B52CA297EAB4800B91CB2 /* Preview Assets.xcassets in Resources */,
				A48B52D8297EABE400B91CB2 /* category.json in Resources */,
				A48B52C7297EAB4800B91CB2 /* Assets.xcassets in Resources */,
				A48B52D5297EABE400B91CB2 /* product.json in Resources */,
			);
			runOnlyForDeploymentPostprocessing = 0;
		};
/* End PBXResourcesBuildPhase section */

/* Begin PBXSourcesBuildPhase section */
		A48B52BB297EAB4800B91CB2 /* Sources */ = {
			isa = PBXSourcesBuildPhase;
			buildActionMask = 2147483647;
			files = (
				A48B52EC297F041800B91CB2 /* CodableBundleExtension.swift in Sources */,
				A48B52C5297EAB4800B91CB2 /* ContentView.swift in Sources */,
				A48B52E8297EB97600B91CB2 /* LogoView.swift in Sources */,
				A48B52E4297EAF0B00B91CB2 /* FooterView.swift in Sources */,
				A48B52EE297F07DB00B91CB2 /* FeaturedItemView.swift in Sources */,
				A48B52C3297EAB4800B91CB2 /* TouchdownShopApp.swift in Sources */,
				A48B5306297F1C6700B91CB2 /* BrandGridView.swift in Sources */,
				A48B52E2297EAE6D00B91CB2 /* Constant.swift in Sources */,
				A48B52F6297F0E7D00B91CB2 /* CategoryGridView.swift in Sources */,
				A48B52F2297F0B5300B91CB2 /* CategoryModel.swift in Sources */,
				A48B52E6297EB81100B91CB2 /* NavigationBarView.swift in Sources */,
				A48B52F8297F0FF100B91CB2 /* SectionView.swift in Sources */,
				A48B52F4297F0CE100B91CB2 /* CategoryItemView.swift in Sources */,
				A48B5304297F1BC200B91CB2 /* BrandItemView.swift in Sources */,
				A48B52F0297F091200B91CB2 /* FeaturedTabView.swift in Sources */,
				A48B52EA297F03CE00B91CB2 /* PlayerModel.swift in Sources */,
				A48B52FA297F135500B91CB2 /* TitleView.swift in Sources */,
				A48B5302297F1B7600B91CB2 /* BrandModel.swift in Sources */,
				A48B52FE297F149D00B91CB2 /* ProductItemview.swift in Sources */,
				A48B52FC297F141A00B91CB2 /* ProductModel.swift in Sources */,
			);
			runOnlyForDeploymentPostprocessing = 0;
		};
/* End PBXSourcesBuildPhase section */

/* Begin XCBuildConfiguration section */
		A48B52CB297EAB4800B91CB2 /* Debug */ = {
			isa = XCBuildConfiguration;
			buildSettings = {
				ALWAYS_SEARCH_USER_PATHS = NO;
				CLANG_ANALYZER_NONNULL = YES;
				CLANG_ANALYZER_NUMBER_OBJECT_CONVERSION = YES_AGGRESSIVE;
				CLANG_CXX_LANGUAGE_STANDARD = "gnu++20";
				CLANG_ENABLE_MODULES = YES;
				CLANG_ENABLE_OBJC_ARC = YES;
				CLANG_ENABLE_OBJC_WEAK = YES;
				CLANG_WARN_BLOCK_CAPTURE_AUTORELEASING = YES;
				CLANG_WARN_BOOL_CONVERSION = YES;
				CLANG_WARN_COMMA = YES;
				CLANG_WARN_CONSTANT_CONVERSION = YES;
				CLANG_WARN_DEPRECATED_OBJC_IMPLEMENTATIONS = YES;
				CLANG_WARN_DIRECT_OBJC_ISA_USAGE = YES_ERROR;
				CLANG_WARN_DOCUMENTATION_COMMENTS = YES;
				CLANG_WARN_EMPTY_BODY = YES;
				CLANG_WARN_ENUM_CONVERSION = YES;
				CLANG_WARN_INFINITE_RECURSION = YES;
				CLANG_WARN_INT_CONVERSION = YES;
				CLANG_WARN_NON_LITERAL_NULL_CONVERSION = YES;
				CLANG_WARN_OBJC_IMPLICIT_RETAIN_SELF = YES;
				CLANG_WARN_OBJC_LITERAL_CONVERSION = YES;
				CLANG_WARN_OBJC_ROOT_CLASS = YES_ERROR;
				CLANG_WARN_QUOTED_INCLUDE_IN_FRAMEWORK_HEADER = YES;
				CLANG_WARN_RANGE_LOOP_ANALYSIS = YES;
				CLANG_WARN_STRICT_PROTOTYPES = YES;
				CLANG_WARN_SUSPICIOUS_MOVE = YES;
				CLANG_WARN_UNGUARDED_AVAILABILITY = YES_AGGRESSIVE;
				CLANG_WARN_UNREACHABLE_CODE = YES;
				CLANG_WARN__DUPLICATE_METHOD_MATCH = YES;
				COPY_PHASE_STRIP = NO;
				DEBUG_INFORMATION_FORMAT = dwarf;
				ENABLE_STRICT_OBJC_MSGSEND = YES;
				ENABLE_TESTABILITY = YES;
				GCC_C_LANGUAGE_STANDARD = gnu11;
				GCC_DYNAMIC_NO_PIC = NO;
				GCC_NO_COMMON_BLOCKS = YES;
				GCC_OPTIMIZATION_LEVEL = 0;
				GCC_PREPROCESSOR_DEFINITIONS = (
					"DEBUG=1",
					"$(inherited)",
				);
				GCC_WARN_64_TO_32_BIT_CONVERSION = YES;
				GCC_WARN_ABOUT_RETURN_TYPE = YES_ERROR;
				GCC_WARN_UNDECLARED_SELECTOR = YES;
				GCC_WARN_UNINITIALIZED_AUTOS = YES_AGGRESSIVE;
				GCC_WARN_UNUSED_FUNCTION = YES;
				GCC_WARN_UNUSED_VARIABLE = YES;
				IPHONEOS_DEPLOYMENT_TARGET = 16.2;
				MTL_ENABLE_DEBUG_INFO = INCLUDE_SOURCE;
				MTL_FAST_MATH = YES;
				ONLY_ACTIVE_ARCH = YES;
				SDKROOT = iphoneos;
				SWIFT_ACTIVE_COMPILATION_CONDITIONS = DEBUG;
				SWIFT_OPTIMIZATION_LEVEL = "-Onone";
			};
			name = Debug;
		};
		A48B52CC297EAB4800B91CB2 /* Release */ = {
			isa = XCBuildConfiguration;
			buildSettings = {
				ALWAYS_SEARCH_USER_PATHS = NO;
				CLANG_ANALYZER_NONNULL = YES;
				CLANG_ANALYZER_NUMBER_OBJECT_CONVERSION = YES_AGGRESSIVE;
				CLANG_CXX_LANGUAGE_STANDARD = "gnu++20";
				CLANG_ENABLE_MODULES = YES;
				CLANG_ENABLE_OBJC_ARC = YES;
				CLANG_ENABLE_OBJC_WEAK = YES;
				CLANG_WARN_BLOCK_CAPTURE_AUTORELEASING = YES;
				CLANG_WARN_BOOL_CONVERSION = YES;
				CLANG_WARN_COMMA = YES;
				CLANG_WARN_CONSTANT_CONVERSION = YES;
				CLANG_WARN_DEPRECATED_OBJC_IMPLEMENTATIONS = YES;
				CLANG_WARN_DIRECT_OBJC_ISA_USAGE = YES_ERROR;
				CLANG_WARN_DOCUMENTATION_COMMENTS = YES;
				CLANG_WARN_EMPTY_BODY = YES;
				CLANG_WARN_ENUM_CONVERSION = YES;
				CLANG_WARN_INFINITE_RECURSION = YES;
				CLANG_WARN_INT_CONVERSION = YES;
				CLANG_WARN_NON_LITERAL_NULL_CONVERSION = YES;
				CLANG_WARN_OBJC_IMPLICIT_RETAIN_SELF = YES;
				CLANG_WARN_OBJC_LITERAL_CONVERSION = YES;
				CLANG_WARN_OBJC_ROOT_CLASS = YES_ERROR;
				CLANG_WARN_QUOTED_INCLUDE_IN_FRAMEWORK_HEADER = YES;
				CLANG_WARN_RANGE_LOOP_ANALYSIS = YES;
				CLANG_WARN_STRICT_PROTOTYPES = YES;
				CLANG_WARN_SUSPICIOUS_MOVE = YES;
				CLANG_WARN_UNGUARDED_AVAILABILITY = YES_AGGRESSIVE;
				CLANG_WARN_UNREACHABLE_CODE = YES;
				CLANG_WARN__DUPLICATE_METHOD_MATCH = YES;
				COPY_PHASE_STRIP = NO;
				DEBUG_INFORMATION_FORMAT = "dwarf-with-dsym";
				ENABLE_NS_ASSERTIONS = NO;
				ENABLE_STRICT_OBJC_MSGSEND = YES;
				GCC_C_LANGUAGE_STANDARD = gnu11;
				GCC_NO_COMMON_BLOCKS = YES;
				GCC_WARN_64_TO_32_BIT_CONVERSION = YES;
				GCC_WARN_ABOUT_RETURN_TYPE = YES_ERROR;
				GCC_WARN_UNDECLARED_SELECTOR = YES;
				GCC_WARN_UNINITIALIZED_AUTOS = YES_AGGRESSIVE;
				GCC_WARN_UNUSED_FUNCTION = YES;
				GCC_WARN_UNUSED_VARIABLE = YES;
				IPHONEOS_DEPLOYMENT_TARGET = 16.2;
				MTL_ENABLE_DEBUG_INFO = NO;
				MTL_FAST_MATH = YES;
				SDKROOT = iphoneos;
				SWIFT_COMPILATION_MODE = wholemodule;
				SWIFT_OPTIMIZATION_LEVEL = "-O";
				VALIDATE_PRODUCT = YES;
			};
			name = Release;
		};
		A48B52CE297EAB4800B91CB2 /* Debug */ = {
			isa = XCBuildConfiguration;
			buildSettings = {
				ASSETCATALOG_COMPILER_APPICON_NAME = AppIcon;
				ASSETCATALOG_COMPILER_GLOBAL_ACCENT_COLOR_NAME = AccentColor;
				CODE_SIGN_STYLE = Automatic;
				CURRENT_PROJECT_VERSION = 1;
				DEVELOPMENT_ASSET_PATHS = "\"TouchdownShop/Preview Content\"";
				DEVELOPMENT_TEAM = W9N5S557F2;
				ENABLE_PREVIEWS = YES;
				GENERATE_INFOPLIST_FILE = YES;
				INFOPLIST_FILE = TouchdownShop/Info.plist;
				INFOPLIST_KEY_UIApplicationSceneManifest_Generation = YES;
				INFOPLIST_KEY_UIApplicationSupportsIndirectInputEvents = YES;
				INFOPLIST_KEY_UISupportedInterfaceOrientations_iPad = "UIInterfaceOrientationPortrait UIInterfaceOrientationPortraitUpsideDown UIInterfaceOrientationLandscapeLeft UIInterfaceOrientationLandscapeRight";
				INFOPLIST_KEY_UISupportedInterfaceOrientations_iPhone = "UIInterfaceOrientationPortrait UIInterfaceOrientationLandscapeLeft UIInterfaceOrientationLandscapeRight";
				INFOPLIST_KEY_UIUserInterfaceStyle = Light;
				LD_RUNPATH_SEARCH_PATHS = (
					"$(inherited)",
					"@executable_path/Frameworks",
				);
				MARKETING_VERSION = 1.0;
				PRODUCT_BUNDLE_IDENTIFIER = com.xerova.TouchdownShop;
				PRODUCT_NAME = "$(TARGET_NAME)";
				SWIFT_EMIT_LOC_STRINGS = YES;
				SWIFT_VERSION = 5.0;
				TARGETED_DEVICE_FAMILY = "1,2";
			};
			name = Debug;
		};
		A48B52CF297EAB4800B91CB2 /* Release */ = {
			isa = XCBuildConfiguration;
			buildSettings = {
				ASSETCATALOG_COMPILER_APPICON_NAME = AppIcon;
				ASSETCATALOG_COMPILER_GLOBAL_ACCENT_COLOR_NAME = AccentColor;
				CODE_SIGN_STYLE = Automatic;
				CURRENT_PROJECT_VERSION = 1;
				DEVELOPMENT_ASSET_PATHS = "\"TouchdownShop/Preview Content\"";
				DEVELOPMENT_TEAM = W9N5S557F2;
				ENABLE_PREVIEWS = YES;
				GENERATE_INFOPLIST_FILE = YES;
				INFOPLIST_FILE = TouchdownShop/Info.plist;
				INFOPLIST_KEY_UIApplicationSceneManifest_Generation = YES;
				INFOPLIST_KEY_UIApplicationSupportsIndirectInputEvents = YES;
				INFOPLIST_KEY_UISupportedInterfaceOrientations_iPad = "UIInterfaceOrientationPortrait UIInterfaceOrientationPortraitUpsideDown UIInterfaceOrientationLandscapeLeft UIInterfaceOrientationLandscapeRight";
				INFOPLIST_KEY_UISupportedInterfaceOrientations_iPhone = "UIInterfaceOrientationPortrait UIInterfaceOrientationLandscapeLeft UIInterfaceOrientationLandscapeRight";
				INFOPLIST_KEY_UIUserInterfaceStyle = Light;
				LD_RUNPATH_SEARCH_PATHS = (
					"$(inherited)",
					"@executable_path/Frameworks",
				);
				MARKETING_VERSION = 1.0;
				PRODUCT_BUNDLE_IDENTIFIER = com.xerova.TouchdownShop;
				PRODUCT_NAME = "$(TARGET_NAME)";
				SWIFT_EMIT_LOC_STRINGS = YES;
				SWIFT_VERSION = 5.0;
				TARGETED_DEVICE_FAMILY = "1,2";
			};
			name = Release;
		};
/* End XCBuildConfiguration section */

/* Begin XCConfigurationList section */
		A48B52BA297EAB4800B91CB2 /* Build configuration list for PBXProject "TouchdownShop" */ = {
			isa = XCConfigurationList;
			buildConfigurations = (
				A48B52CB297EAB4800B91CB2 /* Debug */,
				A48B52CC297EAB4800B91CB2 /* Release */,
			);
			defaultConfigurationIsVisible = 0;
			defaultConfigurationName = Release;
		};
		A48B52CD297EAB4800B91CB2 /* Build configuration list for PBXNativeTarget "TouchdownShop" */ = {
			isa = XCConfigurationList;
			buildConfigurations = (
				A48B52CE297EAB4800B91CB2 /* Debug */,
				A48B52CF297EAB4800B91CB2 /* Release */,
			);
			defaultConfigurationIsVisible = 0;
			defaultConfigurationName = Release;
		};
/* End XCConfigurationList section */
	};
	rootObject = A48B52B7297EAB4800B91CB2 /* Project object */;
}
